
Microsoft Visual Studio Solution File, Format Version 12.00
Project("{FAE04EC0-301F-11D3-BF4B-00C04F79EFBC}") = "EWH_Sim_UI", "EWH_Sim_UI\EWH_Sim_UI.csproj", "{F4B03469-F823-4B3F-86BA-78271E8A21D9}"
EndProject
Global
	GlobalSection(SolutionConfigurationPlatforms) = preSolution
		Debug|Any CPU = Debug|Any CPU
		Release|Any CPU = Release|Any CPU
	EndGlobalSection
	GlobalSection(ProjectConfigurationPlatforms) = postSolution
		{F4B03469-F823-4B3F-86BA-78271E8A21D9}.Debug|Any CPU.ActiveCfg = Debug|Any CPU
		{F4B03469-F823-4B3F-86BA-78271E8A21D9}.Debug|Any CPU.Build.0 = Debug|Any CPU
		{F4B03469-F823-4B3F-86BA-78271E8A21D9}.Release|Any CPU.ActiveCfg = Release|Any CPU
		{F4B03469-F823-4B3F-86BA-78271E8A21D9}.Release|Any CPU.Build.0 = Release|Any CPU
	EndGlobalSection
EndGlobal
